
Microsoft Visual Studio Solution File, Format Version 12.00
# Visual Studio Version 17
VisualStudioVersion = 17.14.36511.14 d17.14
MinimumVisualStudioVersion = 10.0.40219.1
Project("{FAE04EC0-301F-11D3-BF4B-00C04F79EFBC}") = "Ejercicio27_CajaBarner", "Ejercicio27_CajaBarner\Ejercicio27_CajaBarner.csproj", "{FEB9DC0D-9210-4BD1-9375-C791CF10881E}"
EndProject
Global
	GlobalSection(SolutionConfigurationPlatforms) = preSolution
		Debug|Any CPU = Debug|Any CPU
		Release|Any CPU = Release|Any CPU
	EndGlobalSection
	GlobalSection(ProjectConfigurationPlatforms) = postSolution
		{FEB9DC0D-9210-4BD1-9375-C791CF10881E}.Debug|Any CPU.ActiveCfg = Debug|Any CPU
		{FEB9DC0D-9210-4BD1-9375-C791CF10881E}.Debug|Any CPU.Build.0 = Debug|Any CPU
		{FEB9DC0D-9210-4BD1-9375-C791CF10881E}.Release|Any CPU.ActiveCfg = Release|Any CPU
		{FEB9DC0D-9210-4BD1-9375-C791CF10881E}.Release|Any CPU.Build.0 = Release|Any CPU
	EndGlobalSection
	GlobalSection(SolutionProperties) = preSolution
		HideSolutionNode = FALSE
	EndGlobalSection
	GlobalSection(ExtensibilityGlobals) = postSolution
		SolutionGuid = {51D22EB5-1C65-4B0A-8ECD-2FFC7DA75B94}
	EndGlobalSection
EndGlobal
