
Microsoft Visual Studio Solution File, Format Version 12.00
# Visual Studio Version 17
VisualStudioVersion = 17.14.36511.14 d17.14
MinimumVisualStudioVersion = 10.0.40219.1
Project("{FAE04EC0-301F-11D3-BF4B-00C04F79EFBC}") = "ParteFraccionaria", "ParteFraccionaria\ParteFraccionaria.csproj", "{EE6F34E9-5246-49DA-B3C8-B0D07B887251}"
EndProject
Global
	GlobalSection(SolutionConfigurationPlatforms) = preSolution
		Debug|Any CPU = Debug|Any CPU
		Release|Any CPU = Release|Any CPU
	EndGlobalSection
	GlobalSection(ProjectConfigurationPlatforms) = postSolution
		{EE6F34E9-5246-49DA-B3C8-B0D07B887251}.Debug|Any CPU.ActiveCfg = Debug|Any CPU
		{EE6F34E9-5246-49DA-B3C8-B0D07B887251}.Debug|Any CPU.Build.0 = Debug|Any CPU
		{EE6F34E9-5246-49DA-B3C8-B0D07B887251}.Release|Any CPU.ActiveCfg = Release|Any CPU
		{EE6F34E9-5246-49DA-B3C8-B0D07B887251}.Release|Any CPU.Build.0 = Release|Any CPU
	EndGlobalSection
	GlobalSection(SolutionProperties) = preSolution
		HideSolutionNode = FALSE
	EndGlobalSection
	GlobalSection(ExtensibilityGlobals) = postSolution
		SolutionGuid = {89F657B7-3FDE-400A-8121-B8AC10FC04F4}
	EndGlobalSection
EndGlobal
