
Microsoft Visual Studio Solution File, Format Version 12.00
# Visual Studio Version 17
VisualStudioVersion = 17.14.36511.14 d17.14
MinimumVisualStudioVersion = 10.0.40219.1
Project("{FAE04EC0-301F-11D3-BF4B-00C04F79EFBC}") = "Ejercicio21_CalculadoraHastaCero", "Ejercicio21_CalculadoraHastaCero\Ejercicio21_CalculadoraHastaCero.csproj", "{7C3BB70C-D8EE-47E1-801E-24C999048740}"
EndProject
Global
	GlobalSection(SolutionConfigurationPlatforms) = preSolution
		Debug|Any CPU = Debug|Any CPU
		Release|Any CPU = Release|Any CPU
	EndGlobalSection
	GlobalSection(ProjectConfigurationPlatforms) = postSolution
		{7C3BB70C-D8EE-47E1-801E-24C999048740}.Debug|Any CPU.ActiveCfg = Debug|Any CPU
		{7C3BB70C-D8EE-47E1-801E-24C999048740}.Debug|Any CPU.Build.0 = Debug|Any CPU
		{7C3BB70C-D8EE-47E1-801E-24C999048740}.Release|Any CPU.ActiveCfg = Release|Any CPU
		{7C3BB70C-D8EE-47E1-801E-24C999048740}.Release|Any CPU.Build.0 = Release|Any CPU
	EndGlobalSection
	GlobalSection(SolutionProperties) = preSolution
		HideSolutionNode = FALSE
	EndGlobalSection
	GlobalSection(ExtensibilityGlobals) = postSolution
		SolutionGuid = {72647669-CFB4-48C1-867E-2ACD4CF93C1D}
	EndGlobalSection
EndGlobal
