
Microsoft Visual Studio Solution File, Format Version 12.00
# Visual Studio Version 17
VisualStudioVersion = 17.14.36511.14 d17.14
MinimumVisualStudioVersion = 10.0.40219.1
Project("{FAE04EC0-301F-11D3-BF4B-00C04F79EFBC}") = "SumaPrimerosNaturales", "SumaPrimerosNaturales\SumaPrimerosNaturales.csproj", "{5B5CBF6E-61D5-4E40-A9C3-D0DA7471BA06}"
EndProject
Global
	GlobalSection(SolutionConfigurationPlatforms) = preSolution
		Debug|Any CPU = Debug|Any CPU
		Release|Any CPU = Release|Any CPU
	EndGlobalSection
	GlobalSection(ProjectConfigurationPlatforms) = postSolution
		{5B5CBF6E-61D5-4E40-A9C3-D0DA7471BA06}.Debug|Any CPU.ActiveCfg = Debug|Any CPU
		{5B5CBF6E-61D5-4E40-A9C3-D0DA7471BA06}.Debug|Any CPU.Build.0 = Debug|Any CPU
		{5B5CBF6E-61D5-4E40-A9C3-D0DA7471BA06}.Release|Any CPU.ActiveCfg = Release|Any CPU
		{5B5CBF6E-61D5-4E40-A9C3-D0DA7471BA06}.Release|Any CPU.Build.0 = Release|Any CPU
	EndGlobalSection
	GlobalSection(SolutionProperties) = preSolution
		HideSolutionNode = FALSE
	EndGlobalSection
	GlobalSection(ExtensibilityGlobals) = postSolution
		SolutionGuid = {65840837-822B-4EEA-9980-6769FA48CD17}
	EndGlobalSection
EndGlobal
