
Microsoft Visual Studio Solution File, Format Version 12.00
# Visual Studio Version 17
VisualStudioVersion = 17.14.36511.14 d17.14
MinimumVisualStudioVersion = 10.0.40219.1
Project("{FAE04EC0-301F-11D3-BF4B-00C04F79EFBC}") = "DescuentoSueldo", "DescuentoSueldo\DescuentoSueldo.csproj", "{64BD3EBA-8D59-4F9E-AB3E-CF1882E5475F}"
EndProject
Global
	GlobalSection(SolutionConfigurationPlatforms) = preSolution
		Debug|Any CPU = Debug|Any CPU
		Release|Any CPU = Release|Any CPU
	EndGlobalSection
	GlobalSection(ProjectConfigurationPlatforms) = postSolution
		{64BD3EBA-8D59-4F9E-AB3E-CF1882E5475F}.Debug|Any CPU.ActiveCfg = Debug|Any CPU
		{64BD3EBA-8D59-4F9E-AB3E-CF1882E5475F}.Debug|Any CPU.Build.0 = Debug|Any CPU
		{64BD3EBA-8D59-4F9E-AB3E-CF1882E5475F}.Release|Any CPU.ActiveCfg = Release|Any CPU
		{64BD3EBA-8D59-4F9E-AB3E-CF1882E5475F}.Release|Any CPU.Build.0 = Release|Any CPU
	EndGlobalSection
	GlobalSection(SolutionProperties) = preSolution
		HideSolutionNode = FALSE
	EndGlobalSection
	GlobalSection(ExtensibilityGlobals) = postSolution
		SolutionGuid = {182DB25F-66E1-4EFF-8292-94B224B8034E}
	EndGlobalSection
EndGlobal
