
Microsoft Visual Studio Solution File, Format Version 12.00
# Visual Studio Version 17
VisualStudioVersion = 17.14.36511.14 d17.14
MinimumVisualStudioVersion = 10.0.40219.1
Project("{FAE04EC0-301F-11D3-BF4B-00C04F79EFBC}") = "SumaDigitos", "SumaDigitos\SumaDigitos.csproj", "{3ADEE342-F5A0-42B9-A039-7D7933797FCF}"
EndProject
Global
	GlobalSection(SolutionConfigurationPlatforms) = preSolution
		Debug|Any CPU = Debug|Any CPU
		Release|Any CPU = Release|Any CPU
	EndGlobalSection
	GlobalSection(ProjectConfigurationPlatforms) = postSolution
		{3ADEE342-F5A0-42B9-A039-7D7933797FCF}.Debug|Any CPU.ActiveCfg = Debug|Any CPU
		{3ADEE342-F5A0-42B9-A039-7D7933797FCF}.Debug|Any CPU.Build.0 = Debug|Any CPU
		{3ADEE342-F5A0-42B9-A039-7D7933797FCF}.Release|Any CPU.ActiveCfg = Release|Any CPU
		{3ADEE342-F5A0-42B9-A039-7D7933797FCF}.Release|Any CPU.Build.0 = Release|Any CPU
	EndGlobalSection
	GlobalSection(SolutionProperties) = preSolution
		HideSolutionNode = FALSE
	EndGlobalSection
	GlobalSection(ExtensibilityGlobals) = postSolution
		SolutionGuid = {1636943E-EEE4-43B0-87E2-BB4811994800}
	EndGlobalSection
EndGlobal
