
Microsoft Visual Studio Solution File, Format Version 12.00
# Visual Studio Version 17
VisualStudioVersion = 17.14.36511.14 d17.14
MinimumVisualStudioVersion = 10.0.40219.1
Project("{FAE04EC0-301F-11D3-BF4B-00C04F79EFBC}") = "Ejercicio23_Hipotenusa", "Ejercicio23_Hipotenusa\Ejercicio23_Hipotenusa.csproj", "{4767F6FF-FE83-4BD6-BFF2-98E9A7AB1C4A}"
EndProject
Global
	GlobalSection(SolutionConfigurationPlatforms) = preSolution
		Debug|Any CPU = Debug|Any CPU
		Release|Any CPU = Release|Any CPU
	EndGlobalSection
	GlobalSection(ProjectConfigurationPlatforms) = postSolution
		{4767F6FF-FE83-4BD6-BFF2-98E9A7AB1C4A}.Debug|Any CPU.ActiveCfg = Debug|Any CPU
		{4767F6FF-FE83-4BD6-BFF2-98E9A7AB1C4A}.Debug|Any CPU.Build.0 = Debug|Any CPU
		{4767F6FF-FE83-4BD6-BFF2-98E9A7AB1C4A}.Release|Any CPU.ActiveCfg = Release|Any CPU
		{4767F6FF-FE83-4BD6-BFF2-98E9A7AB1C4A}.Release|Any CPU.Build.0 = Release|Any CPU
	EndGlobalSection
	GlobalSection(SolutionProperties) = preSolution
		HideSolutionNode = FALSE
	EndGlobalSection
	GlobalSection(ExtensibilityGlobals) = postSolution
		SolutionGuid = {E63A8243-D72A-4DAE-944E-17DCAA1A6B22}
	EndGlobalSection
EndGlobal
